// !$*UTF8*$!
{
	archiveVersion = 1;
	classes = {
	};
	objectVersion = 50;
	objects = {

/* Begin PBXBuildFile section */
		FE041F3522FD079200BD0ACF /* AppDelegate.swift in Sources */ = {isa = PBXBuildFile; fileRef = FE041F3422FD079200BD0ACF /* AppDelegate.swift */; };
		FE041F3A22FD079200BD0ACF /* Main.storyboard in Resources */ = {isa = PBXBuildFile; fileRef = FE041F3822FD079200BD0ACF /* Main.storyboard */; };
		FE041F3C22FD079500BD0ACF /* Assets.xcassets in Resources */ = {isa = PBXBuildFile; fileRef = FE041F3B22FD079500BD0ACF /* Assets.xcassets */; };
		FE041F3F22FD079500BD0ACF /* LaunchScreen.storyboard in Resources */ = {isa = PBXBuildFile; fileRef = FE041F3D22FD079500BD0ACF /* LaunchScreen.storyboard */; };
		FE041F4722FD07CA00BD0ACF /* SoundPlayVC.swift in Sources */ = {isa = PBXBuildFile; fileRef = FE041F4622FD07CA00BD0ACF /* SoundPlayVC.swift */; };
		FE0C281822FD0AFA00CE953C /* piano2.wav in Resources */ = {isa = PBXBuildFile; fileRef = FE0C281722FD0AFA00CE953C /* piano2.wav */; };
/* End PBXBuildFile section */

/* Begin PBXFileReference section */
		FE041F3122FD079200BD0ACF /* SoundPlayTest.app */ = {isa = PBXFileReference; explicitFileType = wrapper.application; includeInIndex = 0; path = SoundPlayTest.app; sourceTree = BUILT_PRODUCTS_DIR; };
		FE041F3422FD079200BD0ACF /* AppDelegate.swift */ = {isa = PBXFileReference; lastKnownFileType = sourcecode.swift; path = AppDelegate.swift; sourceTree = "<group>"; };
		FE041F3922FD079200BD0ACF /* Base */ = {isa = PBXFileReference; lastKnownFileType = file.storyboard; name = Base; path = Base.lproj/Main.storyboard; sourceTree = "<group>"; };
		FE041F3B22FD079500BD0ACF /* Assets.xcassets */ = {isa = PBXFileReference; lastKnownFileType = folder.assetcatalog; path = Assets.xcassets; sourceTree = "<group>"; };
		FE041F3E22FD079500BD0ACF /* Base */ = {isa = PBXFileReference; lastKnownFileType = file.storyboard; name = Base; path = Base.lproj/LaunchScreen.storyboard; sourceTree = "<group>"; };
		FE041F4022FD079500BD0ACF /* Info.plist */ = {isa = PBXFileReference; lastKnownFileType = text.plist.xml; path = Info.plist; sourceTree = "<group>"; };
		FE041F4622FD07CA00BD0ACF /* SoundPlayVC.swift */ = {isa = PBXFileReference; lastKnownFileType = sourcecode.swift; path = SoundPlayVC.swift; sourceTree = "<group>"; };
		FE0C281722FD0AFA00CE953C /* piano2.wav */ = {isa = PBXFileReference; lastKnownFileType = audio.wav; path = piano2.wav; sourceTree = "<group>"; };
/* End PBXFileReference section */

/* Begin PBXFrameworksBuildPhase section */
		FE041F2E22FD079200BD0ACF /* Frameworks */ = {
			isa = PBXFrameworksBuildPhase;
			buildActionMask = 2147483647;
			files = (
			);
			runOnlyForDeploymentPostprocessing = 0;
		};
/* End PBXFrameworksBuildPhase section */

/* Begin PBXGroup section */
		FE041F2822FD079200BD0ACF = {
			isa = PBXGroup;
			children = (
				FE041F3322FD079200BD0ACF /* SoundPlayTest */,
				FE041F3222FD079200BD0ACF /* Products */,
			);
			sourceTree = "<group>";
		};
		FE041F3222FD079200BD0ACF /* Products */ = {
			isa = PBXGroup;
			children = (
				FE041F3122FD079200BD0ACF /* SoundPlayTest.app */,
			);
			name = Products;
			sourceTree = "<group>";
		};
		FE041F3322FD079200BD0ACF /* SoundPlayTest */ = {
			isa = PBXGroup;
			children = (
				FE041F4022FD079500BD0ACF /* Info.plist */,
				FE0C281722FD0AFA00CE953C /* piano2.wav */,
				FE041F3422FD079200BD0ACF /* AppDelegate.swift */,
				FE041F4922FD07E200BD0ACF /* Main */,
				FE041F4822FD07DB00BD0ACF /* New Group */,
			);
			path = SoundPlayTest;
			sourceTree = "<group>";
		};
		FE041F4822FD07DB00BD0ACF /* New Group */ = {
			isa = PBXGroup;
			children = (
				FE041F3B22FD079500BD0ACF /* Assets.xcassets */,
				FE041F3D22FD079500BD0ACF /* LaunchScreen.storyboard */,
			);
			path = "New Group";
			sourceTree = "<group>";
		};
		FE041F4922FD07E200BD0ACF /* Main */ = {
			isa = PBXGroup;
			children = (
				FE041F4622FD07CA00BD0ACF /* SoundPlayVC.swift */,
				FE041F3822FD079200BD0ACF /* Main.storyboard */,
			);
			path = Main;
			sourceTree = "<group>";
		};
/* End PBXGroup section */

/* Begin PBXNativeTarget section */
		FE041F3022FD079200BD0ACF /* SoundPlayTest */ = {
			isa = PBXNativeTarget;
			buildConfigurationList = FE041F4322FD079500BD0ACF /* Build configuration list for PBXNativeTarget "SoundPlayTest" */;
			buildPhases = (
				FE041F2D22FD079200BD0ACF /* Sources */,
				FE041F2E22FD079200BD0ACF /* Frameworks */,
				FE041F2F22FD079200BD0ACF /* Resources */,
			);
			buildRules = (
			);
			dependencies = (
			);
			name = SoundPlayTest;
			productName = SoundPlayTest;
			productReference = FE041F3122FD079200BD0ACF /* SoundPlayTest.app */;
			productType = "com.apple.product-type.application";
		};
/* End PBXNativeTarget section */

/* Begin PBXProject section */
		FE041F2922FD079200BD0ACF /* Project object */ = {
			isa = PBXProject;
			attributes = {
				LastSwiftUpdateCheck = 1010;
				LastUpgradeCheck = 1010;
				ORGANIZATIONNAME = ionlabs;
				TargetAttributes = {
					FE041F3022FD079200BD0ACF = {
						CreatedOnToolsVersion = 10.1;
					};
				};
			};
			buildConfigurationList = FE041F2C22FD079200BD0ACF /* Build configuration list for PBXProject "SoundPlayTest" */;
			compatibilityVersion = "Xcode 9.3";
			developmentRegion = en;
			hasScannedForEncodings = 0;
			knownRegions = (
				en,
				Base,
			);
			mainGroup = FE041F2822FD079200BD0ACF;
			productRefGroup = FE041F3222FD079200BD0ACF /* Products */;
			projectDirPath = "";
			projectRoot = "";
			targets = (
				FE041F3022FD079200BD0ACF /* SoundPlayTest */,
			);
		};
/* End PBXProject section */

/* Begin PBXResourcesBuildPhase section */
		FE041F2F22FD079200BD0ACF /* Resources */ = {
			isa = PBXResourcesBuildPhase;
			buildActionMask = 2147483647;
			files = (
				FE041F3F22FD079500BD0ACF /* LaunchScreen.storyboard in Resources */,
				FE041F3C22FD079500BD0ACF /* Assets.xcassets in Resources */,
				FE041F3A22FD079200BD0ACF /* Main.storyboard in Resources */,
				FE0C281822FD0AFA00CE953C /* piano2.wav in Resources */,
			);
			runOnlyForDeploymentPostprocessing = 0;
		};
/* End PBXResourcesBuildPhase section */

/* Begin PBXSourcesBuildPhase section */
		FE041F2D22FD079200BD0ACF /* Sources */ = {
			isa = PBXSourcesBuildPhase;
			buildActionMask = 2147483647;
			files = (
				FE041F4722FD07CA00BD0ACF /* SoundPlayVC.swift in Sources */,
				FE041F3522FD079200BD0ACF /* AppDelegate.swift in Sources */,
			);
			runOnlyForDeploymentPostprocessing = 0;
		};
/* End PBXSourcesBuildPhase section */

/* Begin PBXVariantGroup section */
		FE041F3822FD079200BD0ACF /* Main.storyboard */ = {
			isa = PBXVariantGroup;
			children = (
				FE041F3922FD079200BD0ACF /* Base */,
			);
			name = Main.storyboard;
			sourceTree = "<group>";
		};
		FE041F3D22FD079500BD0ACF /* LaunchScreen.storyboard */ = {
			isa = PBXVariantGroup;
			children = (
				FE041F3E22FD079500BD0ACF /* Base */,
			);
			name = LaunchScreen.storyboard;
			sourceTree = "<group>";
		};
/* End PBXVariantGroup section */

/* Begin XCBuildConfiguration section */
		FE041F4122FD079500BD0ACF /* Debug */ = {
			isa = XCBuildConfiguration;
			buildSettings = {
				ALWAYS_SEARCH_USER_PATHS = NO;
				CLANG_ANALYZER_NONNULL = YES;
				CLANG_ANALYZER_NUMBER_OBJECT_CONVERSION = YES_AGGRESSIVE;
				CLANG_CXX_LANGUAGE_STANDARD = "gnu++14";
				CLANG_CXX_LIBRARY = "libc++";
				CLANG_ENABLE_MODULES = YES;
				CLANG_ENABLE_OBJC_ARC = YES;
				CLANG_ENABLE_OBJC_WEAK = YES;
				CLANG_WARN_BLOCK_CAPTURE_AUTORELEASING = YES;
				CLANG_WARN_BOOL_CONVERSION = YES;
				CLANG_WARN_COMMA = YES;
				CLANG_WARN_CONSTANT_CONVERSION = YES;
				CLANG_WARN_DEPRECATED_OBJC_IMPLEMENTATIONS = YES;
				CLANG_WARN_DIRECT_OBJC_ISA_USAGE = YES_ERROR;
				CLANG_WARN_DOCUMENTATION_COMMENTS = YES;
				CLANG_WARN_EMPTY_BODY = YES;
				CLANG_WARN_ENUM_CONVERSION = YES;
				CLANG_WARN_INFINITE_RECURSION = YES;
				CLANG_WARN_INT_CONVERSION = YES;
				CLANG_WARN_NON_LITERAL_NULL_CONVERSION = YES;
				CLANG_WARN_OBJC_IMPLICIT_RETAIN_SELF = YES;
				CLANG_WARN_OBJC_LITERAL_CONVERSION = YES;
				CLANG_WARN_OBJC_ROOT_CLASS = YES_ERROR;
				CLANG_WARN_RANGE_LOOP_ANALYSIS = YES;
				CLANG_WARN_STRICT_PROTOTYPES = YES;
				CLANG_WARN_SUSPICIOUS_MOVE = YES;
				CLANG_WARN_UNGUARDED_AVAILABILITY = YES_AGGRESSIVE;
				CLANG_WARN_UNREACHABLE_CODE = YES;
				CLANG_WARN__DUPLICATE_METHOD_MATCH = YES;
				CODE_SIGN_IDENTITY = "iPhone Developer";
				COPY_PHASE_STRIP = NO;
				DEBUG_INFORMATION_FORMAT = dwarf;
				ENABLE_STRICT_OBJC_MSGSEND = YES;
				ENABLE_TESTABILITY = YES;
				GCC_C_LANGUAGE_STANDARD = gnu11;
				GCC_DYNAMIC_NO_PIC = NO;
				GCC_NO_COMMON_BLOCKS = YES;
				GCC_OPTIMIZATION_LEVEL = 0;
				GCC_PREPROCESSOR_DEFINITIONS = (
					"DEBUG=1",
					"$(inherited)",
				);
				GCC_WARN_64_TO_32_BIT_CONVERSION = YES;
				GCC_WARN_ABOUT_RETURN_TYPE = YES_ERROR;
				GCC_WARN_UNDECLARED_SELECTOR = YES;
				GCC_WARN_UNINITIALIZED_AUTOS = YES_AGGRESSIVE;
				GCC_WARN_UNUSED_FUNCTION = YES;
				GCC_WARN_UNUSED_VARIABLE = YES;
				IPHONEOS_DEPLOYMENT_TARGET = 12.1;
				MTL_ENABLE_DEBUG_INFO = INCLUDE_SOURCE;
				MTL_FAST_MATH = YES;
				ONLY_ACTIVE_ARCH = YES;
				SDKROOT = iphoneos;
				SWIFT_ACTIVE_COMPILATION_CONDITIONS = DEBUG;
				SWIFT_OPTIMIZATION_LEVEL = "-Onone";
			};
			name = Debug;
		};
		FE041F4222FD079500BD0ACF /* Release */ = {
			isa = XCBuildConfiguration;
			buildSettings = {
				ALWAYS_SEARCH_USER_PATHS = NO;
				CLANG_ANALYZER_NONNULL = YES;
				CLANG_ANALYZER_NUMBER_OBJECT_CONVERSION = YES_AGGRESSIVE;
				CLANG_CXX_LANGUAGE_STANDARD = "gnu++14";
				CLANG_CXX_LIBRARY = "libc++";
				CLANG_ENABLE_MODULES = YES;
				CLANG_ENABLE_OBJC_ARC = YES;
				CLANG_ENABLE_OBJC_WEAK = YES;
				CLANG_WARN_BLOCK_CAPTURE_AUTORELEASING = YES;
				CLANG_WARN_BOOL_CONVERSION = YES;
				CLANG_WARN_COMMA = YES;
				CLANG_WARN_CONSTANT_CONVERSION = YES;
				CLANG_WARN_DEPRECATED_OBJC_IMPLEMENTATIONS = YES;
				CLANG_WARN_DIRECT_OBJC_ISA_USAGE = YES_ERROR;
				CLANG_WARN_DOCUMENTATION_COMMENTS = YES;
				CLANG_WARN_EMPTY_BODY = YES;
				CLANG_WARN_ENUM_CONVERSION = YES;
				CLANG_WARN_INFINITE_RECURSION = YES;
				CLANG_WARN_INT_CONVERSION = YES;
				CLANG_WARN_NON_LITERAL_NULL_CONVERSION = YES;
				CLANG_WARN_OBJC_IMPLICIT_RETAIN_SELF = YES;
				CLANG_WARN_OBJC_LITERAL_CONVERSION = YES;
				CLANG_WARN_OBJC_ROOT_CLASS = YES_ERROR;
				CLANG_WARN_RANGE_LOOP_ANALYSIS = YES;
				CLANG_WARN_STRICT_PROTOTYPES = YES;
				CLANG_WARN_SUSPICIOUS_MOVE = YES;
				CLANG_WARN_UNGUARDED_AVAILABILITY = YES_AGGRESSIVE;
				CLANG_WARN_UNREACHABLE_CODE = YES;
				CLANG_WARN__DUPLICATE_METHOD_MATCH = YES;
				CODE_SIGN_IDENTITY = "iPhone Developer";
				COPY_PHASE_STRIP = NO;
				DEBUG_INFORMATION_FORMAT = "dwarf-with-dsym";
				ENABLE_NS_ASSERTIONS = NO;
				ENABLE_STRICT_OBJC_MSGSEND = YES;
				GCC_C_LANGUAGE_STANDARD = gnu11;
				GCC_NO_COMMON_BLOCKS = YES;
				GCC_WARN_64_TO_32_BIT_CONVERSION = YES;
				GCC_WARN_ABOUT_RETURN_TYPE = YES_ERROR;
				GCC_WARN_UNDECLARED_SELECTOR = YES;
				GCC_WARN_UNINITIALIZED_AUTOS = YES_AGGRESSIVE;
				GCC_WARN_UNUSED_FUNCTION = YES;
				GCC_WARN_UNUSED_VARIABLE = YES;
				IPHONEOS_DEPLOYMENT_TARGET = 12.1;
				MTL_ENABLE_DEBUG_INFO = NO;
				MTL_FAST_MATH = YES;
				SDKROOT = iphoneos;
				SWIFT_COMPILATION_MODE = wholemodule;
				SWIFT_OPTIMIZATION_LEVEL = "-O";
				VALIDATE_PRODUCT = YES;
			};
			name = Release;
		};
		FE041F4422FD079500BD0ACF /* Debug */ = {
			isa = XCBuildConfiguration;
			buildSettings = {
				ASSETCATALOG_COMPILER_APPICON_NAME = AppIcon;
				CODE_SIGN_STYLE = Automatic;
				DEVELOPMENT_TEAM = 7Y2FQVD6J4;
				INFOPLIST_FILE = SoundPlayTest/Info.plist;
				IPHONEOS_DEPLOYMENT_TARGET = 11.0;
				LD_RUNPATH_SEARCH_PATHS = (
					"$(inherited)",
					"@executable_path/Frameworks",
				);
				PRODUCT_BUNDLE_IDENTIFIER = kr.ionlabs.SoundPlayTest;
				PRODUCT_NAME = "$(TARGET_NAME)";
				SWIFT_VERSION = 4.2;
				TARGETED_DEVICE_FAMILY = 1;
			};
			name = Debug;
		};
		FE041F4522FD079500BD0ACF /* Release */ = {
			isa = XCBuildConfiguration;
			buildSettings = {
				ASSETCATALOG_COMPILER_APPICON_NAME = AppIcon;
				CODE_SIGN_STYLE = Automatic;
				DEVELOPMENT_TEAM = 7Y2FQVD6J4;
				INFOPLIST_FILE = SoundPlayTest/Info.plist;
				IPHONEOS_DEPLOYMENT_TARGET = 11.0;
				LD_RUNPATH_SEARCH_PATHS = (
					"$(inherited)",
					"@executable_path/Frameworks",
				);
				PRODUCT_BUNDLE_IDENTIFIER = kr.ionlabs.SoundPlayTest;
				PRODUCT_NAME = "$(TARGET_NAME)";
				SWIFT_VERSION = 4.2;
				TARGETED_DEVICE_FAMILY = 1;
			};
			name = Release;
		};
/* End XCBuildConfiguration section */

/* Begin XCConfigurationList section */
		FE041F2C22FD079200BD0ACF /* Build configuration list for PBXProject "SoundPlayTest" */ = {
			isa = XCConfigurationList;
			buildConfigurations = (
				FE041F4122FD079500BD0ACF /* Debug */,
				FE041F4222FD079500BD0ACF /* Release */,
			);
			defaultConfigurationIsVisible = 0;
			defaultConfigurationName = Release;
		};
		FE041F4322FD079500BD0ACF /* Build configuration list for PBXNativeTarget "SoundPlayTest" */ = {
			isa = XCConfigurationList;
			buildConfigurations = (
				FE041F4422FD079500BD0ACF /* Debug */,
				FE041F4522FD079500BD0ACF /* Release */,
			);
			defaultConfigurationIsVisible = 0;
			defaultConfigurationName = Release;
		};
/* End XCConfigurationList section */
	};
	rootObject = FE041F2922FD079200BD0ACF /* Project object */;
}
